
Microsoft Visual Studio Solution File, Format Version 12.00
# Visual Studio 2013
VisualStudioVersion = 12.0.40629.0
MinimumVisualStudioVersion = 10.0.40219.1
Project("{FAE04EC0-301F-11D3-BF4B-00C04F79EFBC}") = "Hello World", "Hello World\Hello World.csproj", "{8DC195C1-1389-4DD0-A0FA-C5D5961C813D}"
EndProject
Project("{FAE04EC0-301F-11D3-BF4B-00C04F79EFBC}") = "ValueTypes", "ValueTypes\ValueTypes.csproj", "{8748472E-6D6E-4282-A833-697A1B56BAE2}"
EndProject
Project("{FAE04EC0-301F-11D3-BF4B-00C04F79EFBC}") = "Boxing", "Boxing\Boxing.csproj", "{2D120A7A-85E6-4779-AC83-34FC04869104}"
EndProject
Global
	GlobalSection(SolutionConfigurationPlatforms) = preSolution
		Debug|Any CPU = Debug|Any CPU
		Release|Any CPU = Release|Any CPU
	EndGlobalSection
	GlobalSection(ProjectConfigurationPlatforms) = postSolution
		{8DC195C1-1389-4DD0-A0FA-C5D5961C813D}.Debug|Any CPU.ActiveCfg = Debug|Any CPU
		{8DC195C1-1389-4DD0-A0FA-C5D5961C813D}.Debug|Any CPU.Build.0 = Debug|Any CPU
		{8DC195C1-1389-4DD0-A0FA-C5D5961C813D}.Release|Any CPU.ActiveCfg = Release|Any CPU
		{8DC195C1-1389-4DD0-A0FA-C5D5961C813D}.Release|Any CPU.Build.0 = Release|Any CPU
		{8748472E-6D6E-4282-A833-697A1B56BAE2}.Debug|Any CPU.ActiveCfg = Debug|Any CPU
		{8748472E-6D6E-4282-A833-697A1B56BAE2}.Debug|Any CPU.Build.0 = Debug|Any CPU
		{8748472E-6D6E-4282-A833-697A1B56BAE2}.Release|Any CPU.ActiveCfg = Release|Any CPU
		{8748472E-6D6E-4282-A833-697A1B56BAE2}.Release|Any CPU.Build.0 = Release|Any CPU
		{2D120A7A-85E6-4779-AC83-34FC04869104}.Debug|Any CPU.ActiveCfg = Debug|Any CPU
		{2D120A7A-85E6-4779-AC83-34FC04869104}.Debug|Any CPU.Build.0 = Debug|Any CPU
		{2D120A7A-85E6-4779-AC83-34FC04869104}.Release|Any CPU.ActiveCfg = Release|Any CPU
		{2D120A7A-85E6-4779-AC83-34FC04869104}.Release|Any CPU.Build.0 = Release|Any CPU
	EndGlobalSection
	GlobalSection(SolutionProperties) = preSolution
		HideSolutionNode = FALSE
	EndGlobalSection
EndGlobal
